
Microsoft Visual Studio Solution File, Format Version 12.00
# Visual Studio 14
VisualStudioVersion = 14.0.25420.1
MinimumVisualStudioVersion = 10.0.40219.1
Project("{FAE04EC0-301F-11D3-BF4B-00C04F79EFBC}") = "SpecFlow-BrowserStack", "SpecFlow-BrowserStack\SpecFlow-BrowserStack.csproj", "{445D58CF-ED98-4C47-9E51-7EEF066305FF}"
EndProject
Global
	GlobalSection(SolutionConfigurationPlatforms) = preSolution
		AndroidSamsungGalaxyS5|Any CPU = AndroidSamsungGalaxyS5|Any CPU
		Debug|Any CPU = Debug|Any CPU
		iOSIphone6SPlus|Any CPU = iOSIphone6SPlus|Any CPU
		OSXMavericksSafari71|Any CPU = OSXMavericksSafari71|Any CPU
		Release|Any CPU = Release|Any CPU
		Win10Chrome54|Any CPU = Win10Chrome54|Any CPU
		Win10Firefox50|Any CPU = Win10Firefox50|Any CPU
	EndGlobalSection
	GlobalSection(ProjectConfigurationPlatforms) = postSolution
		{445D58CF-ED98-4C47-9E51-7EEF066305FF}.AndroidSamsungGalaxyS5|Any CPU.ActiveCfg = AndroidSamsungGalaxyS5|Any CPU
		{445D58CF-ED98-4C47-9E51-7EEF066305FF}.AndroidSamsungGalaxyS5|Any CPU.Build.0 = AndroidSamsungGalaxyS5|Any CPU
		{445D58CF-ED98-4C47-9E51-7EEF066305FF}.Debug|Any CPU.ActiveCfg = Debug|Any CPU
		{445D58CF-ED98-4C47-9E51-7EEF066305FF}.Debug|Any CPU.Build.0 = Debug|Any CPU
		{445D58CF-ED98-4C47-9E51-7EEF066305FF}.iOSIphone6SPlus|Any CPU.ActiveCfg = iOSIphone6SPlus|Any CPU
		{445D58CF-ED98-4C47-9E51-7EEF066305FF}.iOSIphone6SPlus|Any CPU.Build.0 = iOSIphone6SPlus|Any CPU
		{445D58CF-ED98-4C47-9E51-7EEF066305FF}.OSXMavericksSafari71|Any CPU.ActiveCfg = OSXMavericksSafari71|Any CPU
		{445D58CF-ED98-4C47-9E51-7EEF066305FF}.OSXMavericksSafari71|Any CPU.Build.0 = OSXMavericksSafari71|Any CPU
		{445D58CF-ED98-4C47-9E51-7EEF066305FF}.Release|Any CPU.ActiveCfg = Release|Any CPU
		{445D58CF-ED98-4C47-9E51-7EEF066305FF}.Release|Any CPU.Build.0 = Release|Any CPU
		{445D58CF-ED98-4C47-9E51-7EEF066305FF}.Win10Chrome54|Any CPU.ActiveCfg = Win10Chrome54|Any CPU
		{445D58CF-ED98-4C47-9E51-7EEF066305FF}.Win10Chrome54|Any CPU.Build.0 = Win10Chrome54|Any CPU
		{445D58CF-ED98-4C47-9E51-7EEF066305FF}.Win10Firefox50|Any CPU.ActiveCfg = Win10Firefox50|Any CPU
		{445D58CF-ED98-4C47-9E51-7EEF066305FF}.Win10Firefox50|Any CPU.Build.0 = Win10Firefox50|Any CPU
	EndGlobalSection
	GlobalSection(SolutionProperties) = preSolution
		HideSolutionNode = FALSE
	EndGlobalSection
EndGlobal
